
Microsoft Visual Studio Solution File, Format Version 12.00
# Visual Studio Version 17
VisualStudioVersion = 17.14.36310.24 d17.14
MinimumVisualStudioVersion = 10.0.40219.1
Project("{FAE04EC0-301F-11D3-BF4B-00C04F79EFBC}") = "Book", "Book\Book.csproj", "{36247609-C53C-43FB-800B-CF08A1C1C555}"
EndProject
Global
	GlobalSection(SolutionConfigurationPlatforms) = preSolution
		Debug|Any CPU = Debug|Any CPU
		Release|Any CPU = Release|Any CPU
	EndGlobalSection
	GlobalSection(ProjectConfigurationPlatforms) = postSolution
		{36247609-C53C-43FB-800B-CF08A1C1C555}.Debug|Any CPU.ActiveCfg = Debug|Any CPU
		{36247609-C53C-43FB-800B-CF08A1C1C555}.Debug|Any CPU.Build.0 = Debug|Any CPU
		{36247609-C53C-43FB-800B-CF08A1C1C555}.Release|Any CPU.ActiveCfg = Release|Any CPU
		{36247609-C53C-43FB-800B-CF08A1C1C555}.Release|Any CPU.Build.0 = Release|Any CPU
	EndGlobalSection
	GlobalSection(SolutionProperties) = preSolution
		HideSolutionNode = FALSE
	EndGlobalSection
	GlobalSection(ExtensibilityGlobals) = postSolution
		SolutionGuid = {4D10D368-818F-482C-88BD-FFE5C2D328D0}
	EndGlobalSection
EndGlobal
